
Microsoft Visual Studio Solution File, Format Version 12.00
# Visual Studio Version 16
VisualStudioVersion = 16.0.29709.97
MinimumVisualStudioVersion = 10.0.40219.1
Project("{F184B08F-C81C-45F6-A57F-5ABD9991F28F}") = "Snake", "Snake.vbproj", "{34BE0920-AAE0-4E01-A84E-3AB5ABE90452}"
EndProject
Global
	GlobalSection(SolutionConfigurationPlatforms) = preSolution
		Debug|Any CPU = Debug|Any CPU
		Release|Any CPU = Release|Any CPU
	EndGlobalSection
	GlobalSection(ProjectConfigurationPlatforms) = postSolution
		{34BE0920-AAE0-4E01-A84E-3AB5ABE90452}.Debug|Any CPU.ActiveCfg = Debug|Any CPU
		{34BE0920-AAE0-4E01-A84E-3AB5ABE90452}.Debug|Any CPU.Build.0 = Debug|Any CPU
		{34BE0920-AAE0-4E01-A84E-3AB5ABE90452}.Release|Any CPU.ActiveCfg = Release|Any CPU
		{34BE0920-AAE0-4E01-A84E-3AB5ABE90452}.Release|Any CPU.Build.0 = Release|Any CPU
	EndGlobalSection
	GlobalSection(SolutionProperties) = preSolution
		HideSolutionNode = FALSE
	EndGlobalSection
	GlobalSection(ExtensibilityGlobals) = postSolution
		SolutionGuid = {76539E44-D3A7-4274-B96D-326FA134E2B1}
	EndGlobalSection
EndGlobal
